
Microsoft Visual Studio Solution File, Format Version 12.00
# Visual Studio Version 17
VisualStudioVersion = 17.8.34330.188
MinimumVisualStudioVersion = 10.0.40219.1
Project("{FAE04EC0-301F-11D3-BF4B-00C04F79EFBC}") = "Cars", "Cars\Cars.csproj", "{9FF95C13-8E94-48AB-814D-934CA5A654D0}"
EndProject
Global
	GlobalSection(SolutionConfigurationPlatforms) = preSolution
		Debug|Any CPU = Debug|Any CPU
		Release|Any CPU = Release|Any CPU
	EndGlobalSection
	GlobalSection(ProjectConfigurationPlatforms) = postSolution
		{9FF95C13-8E94-48AB-814D-934CA5A654D0}.Debug|Any CPU.ActiveCfg = Debug|Any CPU
		{9FF95C13-8E94-48AB-814D-934CA5A654D0}.Debug|Any CPU.Build.0 = Debug|Any CPU
		{9FF95C13-8E94-48AB-814D-934CA5A654D0}.Release|Any CPU.ActiveCfg = Release|Any CPU
		{9FF95C13-8E94-48AB-814D-934CA5A654D0}.Release|Any CPU.Build.0 = Release|Any CPU
	EndGlobalSection
	GlobalSection(SolutionProperties) = preSolution
		HideSolutionNode = FALSE
	EndGlobalSection
	GlobalSection(ExtensibilityGlobals) = postSolution
		SolutionGuid = {02E322A9-D884-4124-998B-30BB44FDD290}
	EndGlobalSection
EndGlobal
